
Microsoft Visual Studio Solution File, Format Version 12.00
# Visual Studio 15
VisualStudioVersion = 15.0.26124.0
MinimumVisualStudioVersion = 15.0.26124.0
Project("{FAE04EC0-301F-11D3-BF4B-00C04F79EFBC}") = "Chater.Core", "Chater.Core\Chater.Core.csproj", "{46A9303B-D3D1-42A2-B88B-6381C7E9180C}"
EndProject
Project("{FAE04EC0-301F-11D3-BF4B-00C04F79EFBC}") = "User.Service", "User.Service\User.Service.csproj", "{16C6F797-EE11-4A7B-B421-E29404A11BA3}"
EndProject
Project("{FAE04EC0-301F-11D3-BF4B-00C04F79EFBC}") = "UserService.API", "UserService.API\UserService.API.csproj", "{8AB23338-4D39-4F6B-B7DB-1E8E3AE04B77}"
EndProject
Project("{FAE04EC0-301F-11D3-BF4B-00C04F79EFBC}") = "Chat.Service", "Chat.Service\Chat.Service.csproj", "{A38C9C8D-618D-4741-882D-F990A5ED6EDE}"
EndProject
Project("{FAE04EC0-301F-11D3-BF4B-00C04F79EFBC}") = "ChatService.API", "ChatService.API\ChatService.API.csproj", "{4EB87EB7-8466-4F3E-A18A-234A4D0B0345}"
EndProject
Global
	GlobalSection(SolutionConfigurationPlatforms) = preSolution
		Debug|Any CPU = Debug|Any CPU
		Debug|x64 = Debug|x64
		Debug|x86 = Debug|x86
		Release|Any CPU = Release|Any CPU
		Release|x64 = Release|x64
		Release|x86 = Release|x86
	EndGlobalSection
	GlobalSection(SolutionProperties) = preSolution
		HideSolutionNode = FALSE
	EndGlobalSection
	GlobalSection(ProjectConfigurationPlatforms) = postSolution
		{46A9303B-D3D1-42A2-B88B-6381C7E9180C}.Debug|Any CPU.ActiveCfg = Debug|Any CPU
		{46A9303B-D3D1-42A2-B88B-6381C7E9180C}.Debug|Any CPU.Build.0 = Debug|Any CPU
		{46A9303B-D3D1-42A2-B88B-6381C7E9180C}.Debug|x64.ActiveCfg = Debug|Any CPU
		{46A9303B-D3D1-42A2-B88B-6381C7E9180C}.Debug|x64.Build.0 = Debug|Any CPU
		{46A9303B-D3D1-42A2-B88B-6381C7E9180C}.Debug|x86.ActiveCfg = Debug|Any CPU
		{46A9303B-D3D1-42A2-B88B-6381C7E9180C}.Debug|x86.Build.0 = Debug|Any CPU
		{46A9303B-D3D1-42A2-B88B-6381C7E9180C}.Release|Any CPU.ActiveCfg = Release|Any CPU
		{46A9303B-D3D1-42A2-B88B-6381C7E9180C}.Release|Any CPU.Build.0 = Release|Any CPU
		{46A9303B-D3D1-42A2-B88B-6381C7E9180C}.Release|x64.ActiveCfg = Release|Any CPU
		{46A9303B-D3D1-42A2-B88B-6381C7E9180C}.Release|x64.Build.0 = Release|Any CPU
		{46A9303B-D3D1-42A2-B88B-6381C7E9180C}.Release|x86.ActiveCfg = Release|Any CPU
		{46A9303B-D3D1-42A2-B88B-6381C7E9180C}.Release|x86.Build.0 = Release|Any CPU
		{16C6F797-EE11-4A7B-B421-E29404A11BA3}.Debug|Any CPU.ActiveCfg = Debug|Any CPU
		{16C6F797-EE11-4A7B-B421-E29404A11BA3}.Debug|Any CPU.Build.0 = Debug|Any CPU
		{16C6F797-EE11-4A7B-B421-E29404A11BA3}.Debug|x64.ActiveCfg = Debug|Any CPU
		{16C6F797-EE11-4A7B-B421-E29404A11BA3}.Debug|x64.Build.0 = Debug|Any CPU
		{16C6F797-EE11-4A7B-B421-E29404A11BA3}.Debug|x86.ActiveCfg = Debug|Any CPU
		{16C6F797-EE11-4A7B-B421-E29404A11BA3}.Debug|x86.Build.0 = Debug|Any CPU
		{16C6F797-EE11-4A7B-B421-E29404A11BA3}.Release|Any CPU.ActiveCfg = Release|Any CPU
		{16C6F797-EE11-4A7B-B421-E29404A11BA3}.Release|Any CPU.Build.0 = Release|Any CPU
		{16C6F797-EE11-4A7B-B421-E29404A11BA3}.Release|x64.ActiveCfg = Release|Any CPU
		{16C6F797-EE11-4A7B-B421-E29404A11BA3}.Release|x64.Build.0 = Release|Any CPU
		{16C6F797-EE11-4A7B-B421-E29404A11BA3}.Release|x86.ActiveCfg = Release|Any CPU
		{16C6F797-EE11-4A7B-B421-E29404A11BA3}.Release|x86.Build.0 = Release|Any CPU
		{8AB23338-4D39-4F6B-B7DB-1E8E3AE04B77}.Debug|Any CPU.ActiveCfg = Debug|Any CPU
		{8AB23338-4D39-4F6B-B7DB-1E8E3AE04B77}.Debug|Any CPU.Build.0 = Debug|Any CPU
		{8AB23338-4D39-4F6B-B7DB-1E8E3AE04B77}.Debug|x64.ActiveCfg = Debug|Any CPU
		{8AB23338-4D39-4F6B-B7DB-1E8E3AE04B77}.Debug|x64.Build.0 = Debug|Any CPU
		{8AB23338-4D39-4F6B-B7DB-1E8E3AE04B77}.Debug|x86.ActiveCfg = Debug|Any CPU
		{8AB23338-4D39-4F6B-B7DB-1E8E3AE04B77}.Debug|x86.Build.0 = Debug|Any CPU
		{8AB23338-4D39-4F6B-B7DB-1E8E3AE04B77}.Release|Any CPU.ActiveCfg = Release|Any CPU
		{8AB23338-4D39-4F6B-B7DB-1E8E3AE04B77}.Release|Any CPU.Build.0 = Release|Any CPU
		{8AB23338-4D39-4F6B-B7DB-1E8E3AE04B77}.Release|x64.ActiveCfg = Release|Any CPU
		{8AB23338-4D39-4F6B-B7DB-1E8E3AE04B77}.Release|x64.Build.0 = Release|Any CPU
		{8AB23338-4D39-4F6B-B7DB-1E8E3AE04B77}.Release|x86.ActiveCfg = Release|Any CPU
		{8AB23338-4D39-4F6B-B7DB-1E8E3AE04B77}.Release|x86.Build.0 = Release|Any CPU
		{A38C9C8D-618D-4741-882D-F990A5ED6EDE}.Debug|Any CPU.ActiveCfg = Debug|Any CPU
		{A38C9C8D-618D-4741-882D-F990A5ED6EDE}.Debug|Any CPU.Build.0 = Debug|Any CPU
		{A38C9C8D-618D-4741-882D-F990A5ED6EDE}.Debug|x64.ActiveCfg = Debug|Any CPU
		{A38C9C8D-618D-4741-882D-F990A5ED6EDE}.Debug|x64.Build.0 = Debug|Any CPU
		{A38C9C8D-618D-4741-882D-F990A5ED6EDE}.Debug|x86.ActiveCfg = Debug|Any CPU
		{A38C9C8D-618D-4741-882D-F990A5ED6EDE}.Debug|x86.Build.0 = Debug|Any CPU
		{A38C9C8D-618D-4741-882D-F990A5ED6EDE}.Release|Any CPU.ActiveCfg = Release|Any CPU
		{A38C9C8D-618D-4741-882D-F990A5ED6EDE}.Release|Any CPU.Build.0 = Release|Any CPU
		{A38C9C8D-618D-4741-882D-F990A5ED6EDE}.Release|x64.ActiveCfg = Release|Any CPU
		{A38C9C8D-618D-4741-882D-F990A5ED6EDE}.Release|x64.Build.0 = Release|Any CPU
		{A38C9C8D-618D-4741-882D-F990A5ED6EDE}.Release|x86.ActiveCfg = Release|Any CPU
		{A38C9C8D-618D-4741-882D-F990A5ED6EDE}.Release|x86.Build.0 = Release|Any CPU
		{4EB87EB7-8466-4F3E-A18A-234A4D0B0345}.Debug|Any CPU.ActiveCfg = Debug|Any CPU
		{4EB87EB7-8466-4F3E-A18A-234A4D0B0345}.Debug|Any CPU.Build.0 = Debug|Any CPU
		{4EB87EB7-8466-4F3E-A18A-234A4D0B0345}.Debug|x64.ActiveCfg = Debug|Any CPU
		{4EB87EB7-8466-4F3E-A18A-234A4D0B0345}.Debug|x64.Build.0 = Debug|Any CPU
		{4EB87EB7-8466-4F3E-A18A-234A4D0B0345}.Debug|x86.ActiveCfg = Debug|Any CPU
		{4EB87EB7-8466-4F3E-A18A-234A4D0B0345}.Debug|x86.Build.0 = Debug|Any CPU
		{4EB87EB7-8466-4F3E-A18A-234A4D0B0345}.Release|Any CPU.ActiveCfg = Release|Any CPU
		{4EB87EB7-8466-4F3E-A18A-234A4D0B0345}.Release|Any CPU.Build.0 = Release|Any CPU
		{4EB87EB7-8466-4F3E-A18A-234A4D0B0345}.Release|x64.ActiveCfg = Release|Any CPU
		{4EB87EB7-8466-4F3E-A18A-234A4D0B0345}.Release|x64.Build.0 = Release|Any CPU
		{4EB87EB7-8466-4F3E-A18A-234A4D0B0345}.Release|x86.ActiveCfg = Release|Any CPU
		{4EB87EB7-8466-4F3E-A18A-234A4D0B0345}.Release|x86.Build.0 = Release|Any CPU
	EndGlobalSection
EndGlobal
